
Microsoft Visual Studio Solution File, Format Version 12.00
# Visual Studio Version 16
VisualStudioVersion = 16.0.30804.86
MinimumVisualStudioVersion = 10.0.40219.1
Project("{9A19103F-16F7-4668-BE54-9A1E7A4F7556}") = "Data_Eval", "Data_Eval\Data_Eval.csproj", "{5FF672D0-8EB8-4FA9-BA90-F52CD91943DB}"
EndProject
Project("{9A19103F-16F7-4668-BE54-9A1E7A4F7556}") = "Tests", "Tests\Tests.csproj", "{200C57A0-3B8D-4D20-8234-C61112E31E0E}"
EndProject
Project("{9A19103F-16F7-4668-BE54-9A1E7A4F7556}") = "TestExternalReference", "TestExternalReference\TestExternalReference.csproj", "{A39A7773-DC54-4214-A9D9-5C206B7A8E71}"
EndProject
Global
	GlobalSection(SolutionConfigurationPlatforms) = preSolution
		Debug|Any CPU = Debug|Any CPU
		Release|Any CPU = Release|Any CPU
	EndGlobalSection
	GlobalSection(ProjectConfigurationPlatforms) = postSolution
		{5FF672D0-8EB8-4FA9-BA90-F52CD91943DB}.Debug|Any CPU.ActiveCfg = Debug|Any CPU
		{5FF672D0-8EB8-4FA9-BA90-F52CD91943DB}.Debug|Any CPU.Build.0 = Debug|Any CPU
		{5FF672D0-8EB8-4FA9-BA90-F52CD91943DB}.Release|Any CPU.ActiveCfg = Release|Any CPU
		{5FF672D0-8EB8-4FA9-BA90-F52CD91943DB}.Release|Any CPU.Build.0 = Release|Any CPU
		{200C57A0-3B8D-4D20-8234-C61112E31E0E}.Debug|Any CPU.ActiveCfg = Debug|Any CPU
		{200C57A0-3B8D-4D20-8234-C61112E31E0E}.Debug|Any CPU.Build.0 = Debug|Any CPU
		{200C57A0-3B8D-4D20-8234-C61112E31E0E}.Release|Any CPU.ActiveCfg = Release|Any CPU
		{200C57A0-3B8D-4D20-8234-C61112E31E0E}.Release|Any CPU.Build.0 = Release|Any CPU
		{A39A7773-DC54-4214-A9D9-5C206B7A8E71}.Debug|Any CPU.ActiveCfg = Debug|Any CPU
		{A39A7773-DC54-4214-A9D9-5C206B7A8E71}.Debug|Any CPU.Build.0 = Debug|Any CPU
		{A39A7773-DC54-4214-A9D9-5C206B7A8E71}.Release|Any CPU.ActiveCfg = Release|Any CPU
		{A39A7773-DC54-4214-A9D9-5C206B7A8E71}.Release|Any CPU.Build.0 = Release|Any CPU
	EndGlobalSection
	GlobalSection(SolutionProperties) = preSolution
		HideSolutionNode = FALSE
	EndGlobalSection
	GlobalSection(ExtensibilityGlobals) = postSolution
		SolutionGuid = {2A673777-06C6-462A-9D1D-3BD689E5739C}
	EndGlobalSection
EndGlobal
